lockfileVersion: '9.0'

settings:
  autoInstallPeers: true
  excludeLinksFromLockfile: false

importers:

  .:
    dependencies:
      webppl:
        specifier: ^0.9.15
        version: 0.9.15
    devDependencies:
      nodemon:
        specifier: ^3.1.9
        version: 3.1.9

packages:

  adnn@2.0.10:
    resolution: {integrity: sha512-c28wF4YrMJe5Mptc9mVRS3KMyKS53B457wovaqcehAjUEfgAQoH6gHv/R8fyjPOObHLu5ruemPWyHLzTn81WEA==}
    engines: {node: '>=0.12.4'}

  amdefine@1.0.1:
    resolution: {integrity: sha512-S2Hw0TtNkMJhIabBwIojKL9YHO5T0n5eNqWJ7Lrlel/zDbftQpxpapi8tZs3X1HWa+u+QeydGmzzNU0m09+Rcg==}
    engines: {node: '>=0.4.2'}

  anymatch@3.1.3:
    resolution: {integrity: sha512-KMReFUr0B4t+D+OBkjR3KYqvocp2XaSzO55UcB6mgQMd3KbcE+mWTyvVV7D/zsdEbNnV6acZUutkiHQXvTr1Rw==}
    engines: {node: '>= 8'}

  ast-types@0.9.14:
    resolution: {integrity: sha512-Ebvx7/0lLboCdyEmAw/4GqwBeKIijPveXNiVGhCGCNxc7z26T5he7DC6ARxu8ByKuzUZZcLog+VP8GMyZrBzJw==}
    engines: {node: '>= 0.8'}

  balanced-match@1.0.2:
    resolution: {integrity: sha512-3oSeUO0TMV67hN1AmbXsK4yaqU7tjiHlbxRDZOpH0KW9+CeX4bRAaX0Anxt0tx2MrpRpWwQaPwIlISEJhYU5Pw==}

  binary-extensions@2.3.0:
    resolution: {integrity: sha512-Ceh+7ox5qe7LJuLHoY0feh3pHuUDHAcRUeyL2VYghZwfpkNIy/+8Ocg0a3UuSoYzavmylwuLWQOf3hl0jjMMIw==}
    engines: {node: '>=8'}

  brace-expansion@1.1.11:
    resolution: {integrity: sha512-iCuPHDFgrHX7H2vEI/5xpz07zSHB00TpugqhmYtVmMO6518mCuRMoOYFldEBl0g187ufozdaHgWKcYFb61qGiA==}

  braces@3.0.3:
    resolution: {integrity: sha512-yQbXgO/OSZVD2IsiLlro+7Hf6Q18EJrKSEsdoMzKePKXct3gvD8oLcOQdIzGupr5Fj+EDe8gO/lxc1BzfMpxvA==}
    engines: {node: '>=8'}

  chokidar@3.6.0:
    resolution: {integrity: sha512-7VT13fmjotKpGipCW9JEQAusEPE+Ei8nl6/g4FBAmIm0GOOLMua9NDDo/DWp0ZAxCr3cPq5ZpBqmPAQgDda2Pw==}
    engines: {node: '>= 8.10.0'}

  colors@1.4.0:
    resolution: {integrity: sha512-a+UqTh4kgZg/SlGvfbzDHpgRu7AAQOmmqRHJnxhRZICKFUT91brVhNNt58CMWU9PsBbv3PDCZUHbVxuDiH2mtA==}
    engines: {node: '>=0.1.90'}

  concat-map@0.0.1:
    resolution: {integrity: sha512-/Srv4dswyQNBfohGpz9o6Yb3Gz3SrUDqBH5rTuhGR7ahtlbYKnVxw2bCFMRljaA7EXHaXZ8wsHdodFvbkhKmqg==}

  debug@4.4.0:
    resolution: {integrity: sha512-6WTZ/IxCY/T6BALoZHaE4ctp9xm+Z5kY/pzYaCHRFeyVhojxlrm+46y68HA6hr0TcwEssoxNiDEUJQjfPZ/RYA==}
    engines: {node: '>=6.0'}
    peerDependencies:
      supports-color: '*'
    peerDependenciesMeta:
      supports-color:
        optional: true

  deep-is@0.1.4:
    resolution: {integrity: sha512-oIPzksmTg4/MriiaYGO+okXDT7ztn/w3Eptv/+gSIdMdKsJo0u4CfYNFJPy+4SKMuCqGw2wxnA+URMg3t8a/bQ==}

  escodegen@1.14.3:
    resolution: {integrity: sha512-qFcX0XJkdg+PB3xjZZG/wKSuT1PnQWx57+TVSjIMmILd2yC/6ByYElPwJnslDsuWuSAp4AwJGumarAAmJch5Kw==}
    engines: {node: '>=4.0'}
    hasBin: true

  escodegen@1.3.3:
    resolution: {integrity: sha512-z9FWgKc48wjMlpzF5ymKS1AF8OIgnKLp9VyN7KbdtyrP/9lndwUFqCtMm+TAJmJf7KJFFYc4cFJfVTTGkKEwsA==}
    engines: {node: '>=0.10.0'}
    hasBin: true

  escope@1.0.3:
    resolution: {integrity: sha512-PgST3E92KAnuUX/4PXwpE9RI8jubyyTGIN73mfhl0XP4H+hiA7JqvhXNfffs+naSk41Eipq/klcmoGsCrjxPlQ==}
    engines: {node: '>=0.4.0'}

  esmangle@1.0.1:
    resolution: {integrity: sha512-+vgj0CirCf7fiZ5Cy1VH7ZovC1qh42mB6GBVN3cxLwZgY1CqIvu9xOdDW8il8Y8ym+fiFLCM3crZFku8rBNLOA==}
    engines: {node: '>=0.6.0'}
    hasBin: true

  esprima@1.1.1:
    resolution: {integrity: sha512-qxxB994/7NtERxgXdFgLHIs9M6bhLXc6qtUmWZ3L8+gTQ9qaoyki2887P2IqAYsoENyr8SUbTutStDniOHSDHg==}
    engines: {node: '>=0.4.0'}
    hasBin: true

  esprima@2.7.3:
    resolution: {integrity: sha512-OarPfz0lFCiW4/AV2Oy1Rp9qu0iusTKqykwTspGCZtPxmF81JR4MmIebvF1F9+UOKth2ZubLQ4XGGaU+hSn99A==}
    engines: {node: '>=0.10.0'}
    hasBin: true

  esprima@3.1.3:
    resolution: {integrity: sha512-AWwVMNxwhN8+NIPQzAQZCm7RkLC4RbM3B1OobMuyp3i+w73X57KCKaVIxaRZb+DYCojq7rspo+fmuQfAboyhFg==}
    engines: {node: '>=4'}
    hasBin: true

  esprima@4.0.1:
    resolution: {integrity: sha512-eGuFFw7Upda+g4p+QHvnW0RyTX/SVeJBDM/gCtMARO0cLuT2HcEKnTPvhjV6aGeqrCB/sbNop0Kszm0jsaWU4A==}
    engines: {node: '>=4'}
    hasBin: true

  esshorten@1.1.1:
    resolution: {integrity: sha512-jvHUQncAuUI/HOzw1a94cGDdgyRUUcVDABU24X2TRb+y4G3ohSllMKjG+ROQVjj5OEVhXYwwsV+OpLOJ63snEA==}
    engines: {node: '>=0.6.0'}

  estemplate@0.5.1:
    resolution: {integrity: sha512-Nlsn+0F3aRN3Pf6znsfy7VFGtR3pMNnjcbQa54eIJKRynDhHBjp9UwmAIbMDLjboKUMVs7wPut/azvFsH+yavw==}

  estraverse@1.5.1:
    resolution: {integrity: sha512-FpCjJDfmo3vsc/1zKSeqR5k42tcIhxFIlvq+h9j0fO2q/h2uLKyweq7rYJ+0CoVvrGQOxIS5wyBrW/+vF58BUQ==}
    engines: {node: '>=0.4.0'}

  estraverse@2.0.0:
    resolution: {integrity: sha512-3liNs3aDBUmf9Hl3YRLqz7Zop0iiTxWaa/ayuxoVS441zjjTPowZJ/uH3y5yhPcXmrLj2rS6Pvu7tfOC7kT61A==}
    engines: {node: '>=0.10.0'}

  estraverse@4.1.1:
    resolution: {integrity: sha512-r3gEa6vc6lGQdrXfo834EaaqnOzYmik8JPg8VB95acIMZRjqaHI0/WMZFoMBGPtS+HCgylwTLoc4Y5yl0owOHQ==}
    engines: {node: '>=0.10.0'}

  estraverse@4.3.0:
    resolution: {integrity: sha512-39nnKffWz8xN1BU/2c79n9nB9HDzo0niYUqx6xyqUnyoAnQyyWpOTdZEeiCch8BBu515t4wp9ZmgVfVhn9EBpw==}
    engines: {node: '>=4.0'}

  esutils@1.0.0:
    resolution: {integrity: sha512-x/iYH53X3quDwfHRz4y8rn4XcEwwCJeWsul9pF1zldMbGtgOtMNBEOuYWwB1EQlK2LRa1fev3YAgym/RElp5Cg==}
    engines: {node: '>=0.10.0'}

  esutils@2.0.3:
    resolution: {integrity: sha512-kVscqXk4OCp68SZ0dkgEKVi6/8ij300KBWTJq32P/dYeWTSwK41WyTxalN1eRmA5Z9UU/LX9D7FWSmV9SAYx6g==}
    engines: {node: '>=0.10.0'}

  fast-levenshtein@1.0.7:
    resolution: {integrity: sha512-hYsfI0s4lfQ2rHVFKXwAr/L/ZSbq9TZwgXtZqW7ANcn9o9GKvcbWxOnxx7jykXf/Ezv1V8TvaBEKcGK7DWKX5A==}

  fast-levenshtein@2.0.6:
    resolution: {integrity: sha512-DCXu6Ifhqcks7TZKY3Hxp3y6qphY5SJZmrWMDrKcERSOXWQdMhU9Ig/PYrzyw/ul9jOIyh0N4M0tbC5hodg8dw==}

  fill-range@7.1.1:
    resolution: {integrity: sha512-YsGpe3WHLK8ZYi4tWDg2Jy3ebRz2rXowDxnld4bkQB00cc/1Zw9AWnC0i9ztDJitivtQvaI9KaLyKrc+hBW0yg==}
    engines: {node: '>=8'}

  fsevents@2.3.3:
    resolution: {integrity: sha512-5xoDfX+fL7faATnagmWPpbFtwh/R77WmMMqqHGS65C3vvB0YHrgF+B1YmZ3441tMj5n63k0212XNoJwzlhffQw==}
    engines: {node: ^8.16.0 || ^10.6.0 || >=11.0.0}
    os: [darwin]

  glob-parent@5.1.2:
    resolution: {integrity: sha512-AOIgSQCepiJYwP3ARnGx+5VnTu2HBYdzbGP45eLw1vr3zB3vZLeyed1sC9hnbcOc9/SrMyM5RPQrkGz4aS9Zow==}
    engines: {node: '>= 6'}

  has-flag@3.0.0:
    resolution: {integrity: sha512-sKJf1+ceQBr4SMkvQnBDNDtf4TXpVhVGateu0t918bl30FnbE2m4vNLX+VWe/dpjlb+HugGYzW7uQXH98HPEYw==}
    engines: {node: '>=4'}

  ignore-by-default@1.0.1:
    resolution: {integrity: sha512-Ius2VYcGNk7T90CppJqcIkS5ooHUZyIQK+ClZfMfMNFEF9VSE73Fq+906u/CWu92x4gzZMWOwfFYckPObzdEbA==}

  is-binary-path@2.1.0:
    resolution: {integrity: sha512-ZMERYes6pDydyuGidse7OsHxtbI7WVeUEozgR/g7rd0xUimYNlvZRE/K2MgZTjWy725IfelLeVcEM97mmtRGXw==}
    engines: {node: '>=8'}

  is-extglob@2.1.1:
    resolution: {integrity: sha512-SbKbANkN603Vi4jEZv49LeVJMn4yGwsbzZworEoyEiutsN3nJYdbO36zfhGJ6QEDpOZIFkDtnq5JRxmvl3jsoQ==}
    engines: {node: '>=0.10.0'}

  is-glob@4.0.3:
    resolution: {integrity: sha512-xelSayHH36ZgE7ZWhli7pW34hNbNl8Ojv5KVmkJD4hBdD3th8Tfk9vYasLM+mXWOZhFkgZfxhLSnrwRr4elSSg==}
    engines: {node: '>=0.10.0'}

  is-number@7.0.0:
    resolution: {integrity: sha512-41Cifkg6e8TylSpdtTpeLVMqvSBEVzTttHvERD741+pnZ8ANv0004MRL43QKPDlK9cGvNp6NZWZUBlbGXYxxng==}
    engines: {node: '>=0.12.0'}

  levn@0.2.5:
    resolution: {integrity: sha512-mvp+NO++YH0B+e8cC/SvJxk6k5Z9Ngd3iXuz7tmT8vZCyQZj/5SI1GkFOiZGGPkm5wWGI9SUrqiAfPq7BJH+0w==}
    engines: {node: '>= 0.8.0'}

  levn@0.3.0:
    resolution: {integrity: sha512-0OO4y2iOHix2W6ujICbKIaEQXvFQHue65vUG3pb5EUomzPI90z9hsA1VsO/dbIIpC53J8gxM9Q4Oho0jrCM/yA==}
    engines: {node: '>= 0.8.0'}

  lodash@4.17.21:
    resolution: {integrity: sha512-v2kDEe57lecTulaDIuNTPy3Ry4gLGJ6Z1O3vE1krgXZNrsQ+LFTGHVxVjcXPs17LhbZVGedAJv8XZ1tvj5FvSg==}

  lru-cache@4.1.5:
    resolution: {integrity: sha512-sWZlbEP2OsHNkXrMl5GYk/jKk70MBng6UU4YI/qGDYbgf6YbP4EvmqISbXCoJiRKs+1bSpFHVgQxvJ17F2li5g==}

  minimatch@3.1.2:
    resolution: {integrity: sha512-J7p63hRiAjw1NDEww1W7i37+ByIrOWO5XQQAzZ3VOcL0PNybwpfmV/N05zFAzwQ9USyEcX6t3UO+K5aqBQOIHw==}

  minimist@1.2.8:
    resolution: {integrity: sha512-2yyAR8qBkN3YuheJanUpWC5U3bb5osDywNB8RzDVlDwDHbocAJveqqj1u8+SVD7jkWT4yvsHCpWqqWqAxb0zCA==}

  ms@2.1.3:
    resolution: {integrity: sha512-6FlzubTLZG3J2a/NVCAleEhjzq5oxgHyaCU9yYXvcLsvoVaHJq/s5xXI6/XXP6tz7R9xAOtHnSO/tXtF3WRTlA==}

  nodemon@3.1.9:
    resolution: {integrity: sha512-hdr1oIb2p6ZSxu3PB2JWWYS7ZQ0qvaZsc3hK8DR8f02kRzc8rjYmxAIvdz+aYC+8F2IjNaB7HMcSDg8nQpJxyg==}
    engines: {node: '>=10'}
    hasBin: true

  normalize-path@3.0.0:
    resolution: {integrity: sha512-6eZs5Ls3WtCisHWp9S2GUy8dqkpGi4BVSz3GaqiE6ezub0512ESztXUwUB6C6IKbQkY2Pnb/mD4WYojCRwcwLA==}
    engines: {node: '>=0.10.0'}

  optionator@0.3.0:
    resolution: {integrity: sha512-qM6AKy0HNNRczFIFciGVSkh6H5yu8kC2hdgqElG8pM6IvQwFYVBd3aUrqjsgZtauuGZr2u/Nf+wLzlZgeCqpSQ==}
    engines: {node: '>= 0.8.0'}

  optionator@0.8.3:
    resolution: {integrity: sha512-+IW9pACdk3XWmmTXG8m3upGUJst5XRGzxMRjXzAuJ1XnIFNvfhjjIuYkDvysnPQ7qzqVzLt78BCruntqRhWQbA==}
    engines: {node: '>= 0.8.0'}

  picomatch@2.3.1:
    resolution: {integrity: sha512-JU3teHTNjmE2VCGFzuY8EXzCDVwEqB2a8fsIvwaStHhAWJEeVd1o1QD80CU6+ZdEXXSLbSsuLwJjkCBWqRQUVA==}
    engines: {node: '>=8.6'}

  prelude-ls@1.1.2:
    resolution: {integrity: sha512-ESF23V4SKG6lVSGZgYNpbsiaAkdab6ZgOxe52p7+Kid3W3u3bxR4Vfd/o21dmN7jSt0IwgZ4v5MUd26FEtXE9w==}
    engines: {node: '>= 0.8.0'}

  present@1.0.0:
    resolution: {integrity: sha512-Wx1aWTxGwXkqKNr/JxdP91qC0Gs+ZqmMgAFRkYjcGAsONZNbVdwDPqacSq3H7pp/GO1N7cCK97QzR7F152eFXQ==}

  priorityqueuejs@1.0.0:
    resolution: {integrity: sha512-lg++21mreCEOuGWTbO5DnJKAdxfjrdN0S9ysoW9SzdSJvbkWpkaDdpG/cdsPCsEnoLUwmd9m3WcZhngW7yKA2g==}

  pseudomap@1.0.2:
    resolution: {integrity: sha512-b/YwNhb8lk1Zz2+bXXpS/LK9OisiZZ1SNsSLxN1x2OXVEhW2Ckr/7mWE5vrC1ZTiJlD9g19jWszTmJsB+oEpFQ==}

  pstree.remy@1.1.8:
    resolution: {integrity: sha512-77DZwxQmxKnu3aR542U+X8FypNzbfJ+C5XQDk3uWjWxn6151aIMGthWYRXTqT1E5oJvg+ljaa2OJi+VfvCOQ8w==}

  readdirp@3.6.0:
    resolution: {integrity: sha512-hOS089on8RduqdbhvQ5Z37A0ESjsqz6qnRcffsMU3495FuTdqSm+7bhJ29JvIOsBDEEnan5DPu9t3To9VRlMzA==}
    engines: {node: '>=8.10.0'}

  seedrandom@2.4.4:
    resolution: {integrity: sha512-9A+PDmgm+2du77B5i0Ip2cxOqqHjgNxnBgglxLcX78A2D6c2rTo61z4jnVABpF4cKeDMDG+cmXXvdnqse2VqMA==}

  semver@7.7.1:
    resolution: {integrity: sha512-hlq8tAfn0m/61p4BVRcPzIGr6LKiMwo4VM6dGi6pt4qcRkmNzTcWq6eCEjEh+qXjkMDvPlOFFSGwQjoEa6gyMA==}
    engines: {node: '>=10'}
    hasBin: true

  simple-update-notifier@2.0.0:
    resolution: {integrity: sha512-a2B9Y0KlNXl9u/vsW6sTIu9vGEpfKu2wRV6l1H3XEas/0gUIzGzBoP/IouTcUQbm9JWZLH3COxyn03TYlFax6w==}
    engines: {node: '>=10'}

  source-map@0.1.43:
    resolution: {integrity: sha512-VtCvB9SIQhk3aF6h+N85EaqIaBFIAfZ9Cu+NJHHVvc8BbEcnvDcFw6sqQ2dQrT6SlOrZq3tIvyD9+EGq/lJryQ==}
    engines: {node: '>=0.8.0'}

  source-map@0.5.7:
    resolution: {integrity: sha512-LbrmJOMUSdEVxIKvdcJzQC+nQhe8FUZQTXQy6+I75skNgn3OoQ0DZA8YnFa7gp8tqtL3KPf1kmo0R5DoApeSGQ==}
    engines: {node: '>=0.10.0'}

  source-map@0.6.1:
    resolution: {integrity: sha512-UjgapumWlbMhkBgzT7Ykc5YXUT46F0iKu8SGXq0bcwP5dz/h0Plj6enJqjz1Zbq2l5WaqYnrVbwWOWMyF3F47g==}
    engines: {node: '>=0.10.0'}

  stack-trace@0.0.9:
    resolution: {integrity: sha512-vjUc6sfgtgY0dxCdnc40mK6Oftjo9+2K8H/NG81TMhgL392FtiPA9tn9RLyTxXmTLPJPjF3VyzFp6bsWFLisMQ==}

  supports-color@5.5.0:
    resolution: {integrity: sha512-QjVjwdXIt408MIiAqCX4oUKsgU2EqAGzs2Ppkm4aQYbjm+ZEWEcW4SfFNTr4uMNZma0ey4f5lgLrkB0aX0QMow==}
    engines: {node: '>=4'}

  to-regex-range@5.0.1:
    resolution: {integrity: sha512-65P7iz6X5yEr1cwcgvQxbbIw7Uk3gOy5dIdtZ4rDveLqhrdJP+Li/Hx6tyK0NEb+2GCyneCMJiGqrADCSNk8sQ==}
    engines: {node: '>=8.0'}

  touch@3.1.1:
    resolution: {integrity: sha512-r0eojU4bI8MnHr8c5bNo7lJDdI2qXlWWJk6a9EAFG7vbhTjElYhBVS3/miuE0uOuoLdb8Mc/rVfsmm6eo5o9GA==}
    hasBin: true

  type-check@0.3.2:
    resolution: {integrity: sha512-ZCmOJdvOWDBYJlzAoFkC+Q0+bUyEOS1ltgp1MGU03fqHG+dbi9tBFU2Rd9QKiDZFAYrhPh2JUf7rZRIuHRKtOg==}
    engines: {node: '>= 0.8.0'}

  undefsafe@2.0.5:
    resolution: {integrity: sha512-WxONCrssBM8TSPRqN5EmsjVrsv4A8X12J4ArBiiayv3DyyG3ZlIg6yysuuSYdZsVz3TKcTg2fd//Ujd4CHV1iA==}

  webppl@0.9.15:
    resolution: {integrity: sha512-hqzFufSDza0QRVt/PGZQsiZKaoSOaWvxf5kl4Q4KTI39JXc5pS12yVhZDG5wAi+/FcadZh+JEm/Y93XvOMPDhQ==}
    engines: {node: '>=4'}
    hasBin: true

  word-wrap@1.2.5:
    resolution: {integrity: sha512-BN22B5eaMMI9UMtjrGd5g5eCYPpCPDUy0FJXbYsaT5zYxjFOckS53SQDE3pWkVoWpHXVb3BrYcEN4Twa55B5cA==}
    engines: {node: '>=0.10.0'}

  wordwrap@0.0.3:
    resolution: {integrity: sha512-1tMA907+V4QmxV7dbRvb4/8MaRALK6q9Abid3ndMYnbyo8piisCmeONVqVSXqQA3KaP4SLt5b7ud6E2sqP8TFw==}
    engines: {node: '>=0.4.0'}

  yallist@2.1.2:
    resolution: {integrity: sha512-ncTzHV7NvsQZkYe1DW7cbDLm0YpzHmZF5r/iyP3ZnQtMiJ+pjzisCiMNI+Sj+xQF5pXhSHxSB3uDbsBTzY/c2A==}

snapshots:

  adnn@2.0.10: {}

  amdefine@1.0.1: {}

  anymatch@3.1.3:
    dependencies:
      normalize-path: 3.0.0
      picomatch: 2.3.1

  ast-types@0.9.14: {}

  balanced-match@1.0.2: {}

  binary-extensions@2.3.0: {}

  brace-expansion@1.1.11:
    dependencies:
      balanced-match: 1.0.2
      concat-map: 0.0.1

  braces@3.0.3:
    dependencies:
      fill-range: 7.1.1

  chokidar@3.6.0:
    dependencies:
      anymatch: 3.1.3
      braces: 3.0.3
      glob-parent: 5.1.2
      is-binary-path: 2.1.0
      is-glob: 4.0.3
      normalize-path: 3.0.0
      readdirp: 3.6.0
    optionalDependencies:
      fsevents: 2.3.3

  colors@1.4.0: {}

  concat-map@0.0.1: {}

  debug@4.4.0(supports-color@5.5.0):
    dependencies:
      ms: 2.1.3
    optionalDependencies:
      supports-color: 5.5.0

  deep-is@0.1.4: {}

  escodegen@1.14.3:
    dependencies:
      esprima: 4.0.1
      estraverse: 4.3.0
      esutils: 2.0.3
      optionator: 0.8.3
    optionalDependencies:
      source-map: 0.6.1

  escodegen@1.3.3:
    dependencies:
      esprima: 1.1.1
      estraverse: 1.5.1
      esutils: 1.0.0
    optionalDependencies:
      source-map: 0.1.43

  escope@1.0.3:
    dependencies:
      estraverse: 2.0.0

  esmangle@1.0.1:
    dependencies:
      escodegen: 1.3.3
      escope: 1.0.3
      esprima: 1.1.1
      esshorten: 1.1.1
      estraverse: 1.5.1
      esutils: 1.0.0
      optionator: 0.3.0
      source-map: 0.1.43

  esprima@1.1.1: {}

  esprima@2.7.3: {}

  esprima@3.1.3: {}

  esprima@4.0.1: {}

  esshorten@1.1.1:
    dependencies:
      escope: 1.0.3
      estraverse: 4.1.1
      esutils: 2.0.3

  estemplate@0.5.1:
    dependencies:
      esprima: 2.7.3
      estraverse: 4.3.0

  estraverse@1.5.1: {}

  estraverse@2.0.0: {}

  estraverse@4.1.1: {}

  estraverse@4.3.0: {}

  esutils@1.0.0: {}

  esutils@2.0.3: {}

  fast-levenshtein@1.0.7: {}

  fast-levenshtein@2.0.6: {}

  fill-range@7.1.1:
    dependencies:
      to-regex-range: 5.0.1

  fsevents@2.3.3:
    optional: true

  glob-parent@5.1.2:
    dependencies:
      is-glob: 4.0.3

  has-flag@3.0.0: {}

  ignore-by-default@1.0.1: {}

  is-binary-path@2.1.0:
    dependencies:
      binary-extensions: 2.3.0

  is-extglob@2.1.1: {}

  is-glob@4.0.3:
    dependencies:
      is-extglob: 2.1.1

  is-number@7.0.0: {}

  levn@0.2.5:
    dependencies:
      prelude-ls: 1.1.2
      type-check: 0.3.2

  levn@0.3.0:
    dependencies:
      prelude-ls: 1.1.2
      type-check: 0.3.2

  lodash@4.17.21: {}

  lru-cache@4.1.5:
    dependencies:
      pseudomap: 1.0.2
      yallist: 2.1.2

  minimatch@3.1.2:
    dependencies:
      brace-expansion: 1.1.11

  minimist@1.2.8: {}

  ms@2.1.3: {}

  nodemon@3.1.9:
    dependencies:
      chokidar: 3.6.0
      debug: 4.4.0(supports-color@5.5.0)
      ignore-by-default: 1.0.1
      minimatch: 3.1.2
      pstree.remy: 1.1.8
      semver: 7.7.1
      simple-update-notifier: 2.0.0
      supports-color: 5.5.0
      touch: 3.1.1
      undefsafe: 2.0.5

  normalize-path@3.0.0: {}

  optionator@0.3.0:
    dependencies:
      deep-is: 0.1.4
      fast-levenshtein: 1.0.7
      levn: 0.2.5
      prelude-ls: 1.1.2
      type-check: 0.3.2
      wordwrap: 0.0.3

  optionator@0.8.3:
    dependencies:
      deep-is: 0.1.4
      fast-levenshtein: 2.0.6
      levn: 0.3.0
      prelude-ls: 1.1.2
      type-check: 0.3.2
      word-wrap: 1.2.5

  picomatch@2.3.1: {}

  prelude-ls@1.1.2: {}

  present@1.0.0: {}

  priorityqueuejs@1.0.0: {}

  pseudomap@1.0.2: {}

  pstree.remy@1.1.8: {}

  readdirp@3.6.0:
    dependencies:
      picomatch: 2.3.1

  seedrandom@2.4.4: {}

  semver@7.7.1: {}

  simple-update-notifier@2.0.0:
    dependencies:
      semver: 7.7.1

  source-map@0.1.43:
    dependencies:
      amdefine: 1.0.1

  source-map@0.5.7: {}

  source-map@0.6.1:
    optional: true

  stack-trace@0.0.9: {}

  supports-color@5.5.0:
    dependencies:
      has-flag: 3.0.0

  to-regex-range@5.0.1:
    dependencies:
      is-number: 7.0.0

  touch@3.1.1: {}

  type-check@0.3.2:
    dependencies:
      prelude-ls: 1.1.2

  undefsafe@2.0.5: {}

  webppl@0.9.15:
    dependencies:
      adnn: 2.0.10
      amdefine: 1.0.1
      ast-types: 0.9.14
      colors: 1.4.0
      escodegen: 1.14.3
      esmangle: 1.0.1
      esprima: 3.1.3
      estemplate: 0.5.1
      estraverse: 4.3.0
      esutils: 2.0.3
      lodash: 4.17.21
      lru-cache: 4.1.5
      minimist: 1.2.8
      present: 1.0.0
      priorityqueuejs: 1.0.0
      seedrandom: 2.4.4
      source-map: 0.5.7
      stack-trace: 0.0.9

  word-wrap@1.2.5: {}

  wordwrap@0.0.3: {}

  yallist@2.1.2: {}
